
Microsoft Visual Studio Solution File, Format Version 12.00
# Visual Studio Version 16
VisualStudioVersion = 16.0.30413.136
MinimumVisualStudioVersion = 10.0.40219.1
Project("{FAE04EC0-301F-11D3-BF4B-00C04F79EFBC}") = "Laba№4", "Laba№4\Laba№4.csproj", "{C9C391F6-B642-4D06-AF3F-75D99AA5BF37}"
EndProject
Global
	GlobalSection(SolutionConfigurationPlatforms) = preSolution
		Debug|Any CPU = Debug|Any CPU
		Release|Any CPU = Release|Any CPU
	EndGlobalSection
	GlobalSection(ProjectConfigurationPlatforms) = postSolution
		{C9C391F6-B642-4D06-AF3F-75D99AA5BF37}.Debug|Any CPU.ActiveCfg = Debug|Any CPU
		{C9C391F6-B642-4D06-AF3F-75D99AA5BF37}.Debug|Any CPU.Build.0 = Debug|Any CPU
		{C9C391F6-B642-4D06-AF3F-75D99AA5BF37}.Release|Any CPU.ActiveCfg = Release|Any CPU
		{C9C391F6-B642-4D06-AF3F-75D99AA5BF37}.Release|Any CPU.Build.0 = Release|Any CPU
	EndGlobalSection
	GlobalSection(SolutionProperties) = preSolution
		HideSolutionNode = FALSE
	EndGlobalSection
	GlobalSection(ExtensibilityGlobals) = postSolution
		SolutionGuid = {70C44DF3-D83F-4503-AC4F-F4B8CB434DDD}
	EndGlobalSection
EndGlobal
